// !$*UTF8*$!
{
	archiveVersion = 1;
	classes = {
	};
	objectVersion = 55;
	objects = {

/* Begin PBXBuildFile section */
		E03750C327DD1E9D00ACD55B /* SplashVC.swift in Sources */ = {isa = PBXBuildFile; fileRef = E03750C127DD1E9D00ACD55B /* SplashVC.swift */; };
		E03750C427DD1E9D00ACD55B /* SplashVC.xib in Resources */ = {isa = PBXBuildFile; fileRef = E03750C227DD1E9D00ACD55B /* SplashVC.xib */; };
		E03750CD27DF14E900ACD55B /* CustomView.swift in Sources */ = {isa = PBXBuildFile; fileRef = E03750CC27DF14E900ACD55B /* CustomView.swift */; };
		E03750CF27DF15D800ACD55B /* StringConstants.swift in Sources */ = {isa = PBXBuildFile; fileRef = E03750CE27DF15D800ACD55B /* StringConstants.swift */; };
		E03750D127DF15EA00ACD55B /* ColorConstant.swift in Sources */ = {isa = PBXBuildFile; fileRef = E03750D027DF15EA00ACD55B /* ColorConstant.swift */; };
		E03750D327DF15FA00ACD55B /* NetworkClient.swift in Sources */ = {isa = PBXBuildFile; fileRef = E03750D227DF15FA00ACD55B /* NetworkClient.swift */; };
		E03750D527DF161200ACD55B /* CellModel.swift in Sources */ = {isa = PBXBuildFile; fileRef = E03750D427DF161200ACD55B /* CellModel.swift */; };
		E03750D827DF7D9500ACD55B /* Extensions.swift in Sources */ = {isa = PBXBuildFile; fileRef = E03750D727DF7D9500ACD55B /* Extensions.swift */; };
		E03750DB27DF7F0300ACD55B /* LoginVC.swift in Sources */ = {isa = PBXBuildFile; fileRef = E03750D927DF7F0300ACD55B /* LoginVC.swift */; };
		E03750DC27DF7F0300ACD55B /* LoginVC.xib in Resources */ = {isa = PBXBuildFile; fileRef = E03750DA27DF7F0300ACD55B /* LoginVC.xib */; };
		E038FD2C27DC13E70062E31D /* AppDelegate.swift in Sources */ = {isa = PBXBuildFile; fileRef = E038FD2B27DC13E70062E31D /* AppDelegate.swift */; };
		E038FD2E27DC13E70062E31D /* SceneDelegate.swift in Sources */ = {isa = PBXBuildFile; fileRef = E038FD2D27DC13E70062E31D /* SceneDelegate.swift */; };
		E038FD3527DC13E80062E31D /* Assets.xcassets in Resources */ = {isa = PBXBuildFile; fileRef = E038FD3427DC13E80062E31D /* Assets.xcassets */; };
		E038FD3827DC13E80062E31D /* LaunchScreen.storyboard in Resources */ = {isa = PBXBuildFile; fileRef = E038FD3627DC13E80062E31D /* LaunchScreen.storyboard */; };
		E0D4B2FD27E28EA10010DA09 /* OTPVerifificationVC.swift in Sources */ = {isa = PBXBuildFile; fileRef = E0D4B2FB27E28EA10010DA09 /* OTPVerifificationVC.swift */; };
		E0D4B2FE27E28EA10010DA09 /* OTPVerifificationVC.xib in Resources */ = {isa = PBXBuildFile; fileRef = E0D4B2FC27E28EA10010DA09 /* OTPVerifificationVC.xib */; };
		E0D4B30E27E290180010DA09 /* ESPullToRefresh+Manager.swift in Sources */ = {isa = PBXBuildFile; fileRef = E0D4B30127E290180010DA09 /* ESPullToRefresh+Manager.swift */; };
		E0D4B30F27E290180010DA09 /* ESRefreshAnimator.swift in Sources */ = {isa = PBXBuildFile; fileRef = E0D4B30227E290180010DA09 /* ESRefreshAnimator.swift */; };
		E0D4B31027E290180010DA09 /* ESRefreshComponent.swift in Sources */ = {isa = PBXBuildFile; fileRef = E0D4B30327E290180010DA09 /* ESRefreshComponent.swift */; };
		E0D4B31127E290180010DA09 /* ESRefreshHeaderAnimator.swift in Sources */ = {isa = PBXBuildFile; fileRef = E0D4B30527E290180010DA09 /* ESRefreshHeaderAnimator.swift */; };
		E0D4B31227E290180010DA09 /* icon_pull_to_refresh_arrow@2x.png in Resources */ = {isa = PBXBuildFile; fileRef = E0D4B30627E290180010DA09 /* icon_pull_to_refresh_arrow@2x.png */; };
		E0D4B31327E290180010DA09 /* ESRefreshFooterAnimator.swift in Sources */ = {isa = PBXBuildFile; fileRef = E0D4B30727E290180010DA09 /* ESRefreshFooterAnimator.swift */; };
		E0D4B31427E290180010DA09 /* ESRefreshProtocol.swift in Sources */ = {isa = PBXBuildFile; fileRef = E0D4B30827E290180010DA09 /* ESRefreshProtocol.swift */; };
		E0D4B31527E290180010DA09 /* ES.swift in Sources */ = {isa = PBXBuildFile; fileRef = E0D4B30927E290180010DA09 /* ES.swift */; };
		E0D4B31627E290180010DA09 /* ESPullToRefresh.swift in Sources */ = {isa = PBXBuildFile; fileRef = E0D4B30A27E290180010DA09 /* ESPullToRefresh.swift */; };
		E0D4B31727E290180010DA09 /* VPMOTPView.swift in Sources */ = {isa = PBXBuildFile; fileRef = E0D4B30C27E290180010DA09 /* VPMOTPView.swift */; };
		E0D4B31827E290180010DA09 /* VPMOTPTextField.swift in Sources */ = {isa = PBXBuildFile; fileRef = E0D4B30D27E290180010DA09 /* VPMOTPTextField.swift */; };
		E0D4B31C27E2974E0010DA09 /* SignUpVC.swift in Sources */ = {isa = PBXBuildFile; fileRef = E0D4B31A27E2974E0010DA09 /* SignUpVC.swift */; };
		E0D4B31D27E2974E0010DA09 /* SignUpVC.xib in Resources */ = {isa = PBXBuildFile; fileRef = E0D4B31B27E2974E0010DA09 /* SignUpVC.xib */; };
/* End PBXBuildFile section */

/* Begin PBXFileReference section */
		E03750C127DD1E9D00ACD55B /* SplashVC.swift */ = {isa = PBXFileReference; lastKnownFileType = sourcecode.swift; path = SplashVC.swift; sourceTree = "<group>"; };
		E03750C227DD1E9D00ACD55B /* SplashVC.xib */ = {isa = PBXFileReference; lastKnownFileType = file.xib; path = SplashVC.xib; sourceTree = "<group>"; };
		E03750CC27DF14E900ACD55B /* CustomView.swift */ = {isa = PBXFileReference; lastKnownFileType = sourcecode.swift; path = CustomView.swift; sourceTree = "<group>"; };
		E03750CE27DF15D800ACD55B /* StringConstants.swift */ = {isa = PBXFileReference; lastKnownFileType = sourcecode.swift; path = StringConstants.swift; sourceTree = "<group>"; };
		E03750D027DF15EA00ACD55B /* ColorConstant.swift */ = {isa = PBXFileReference; lastKnownFileType = sourcecode.swift; path = ColorConstant.swift; sourceTree = "<group>"; };
		E03750D227DF15FA00ACD55B /* NetworkClient.swift */ = {isa = PBXFileReference; lastKnownFileType = sourcecode.swift; path = NetworkClient.swift; sourceTree = "<group>"; };
		E03750D427DF161200ACD55B /* CellModel.swift */ = {isa = PBXFileReference; lastKnownFileType = sourcecode.swift; path = CellModel.swift; sourceTree = "<group>"; };
		E03750D727DF7D9500ACD55B /* Extensions.swift */ = {isa = PBXFileReference; lastKnownFileType = sourcecode.swift; path = Extensions.swift; sourceTree = "<group>"; };
		E03750D927DF7F0300ACD55B /* LoginVC.swift */ = {isa = PBXFileReference; lastKnownFileType = sourcecode.swift; path = LoginVC.swift; sourceTree = "<group>"; };
		E03750DA27DF7F0300ACD55B /* LoginVC.xib */ = {isa = PBXFileReference; lastKnownFileType = file.xib; path = LoginVC.xib; sourceTree = "<group>"; };
		E038FD2827DC13E70062E31D /* MVC_Templet.app */ = {isa = PBXFileReference; explicitFileType = wrapper.application; includeInIndex = 0; path = MVC_Templet.app; sourceTree = BUILT_PRODUCTS_DIR; };
		E038FD2B27DC13E70062E31D /* AppDelegate.swift */ = {isa = PBXFileReference; lastKnownFileType = sourcecode.swift; path = AppDelegate.swift; sourceTree = "<group>"; };
		E038FD2D27DC13E70062E31D /* SceneDelegate.swift */ = {isa = PBXFileReference; lastKnownFileType = sourcecode.swift; path = SceneDelegate.swift; sourceTree = "<group>"; };
		E038FD3427DC13E80062E31D /* Assets.xcassets */ = {isa = PBXFileReference; lastKnownFileType = folder.assetcatalog; path = Assets.xcassets; sourceTree = "<group>"; };
		E038FD3727DC13E80062E31D /* Base */ = {isa = PBXFileReference; lastKnownFileType = file.storyboard; name = Base; path = Base.lproj/LaunchScreen.storyboard; sourceTree = "<group>"; };
		E038FD3927DC13E80062E31D /* Info.plist */ = {isa = PBXFileReference; lastKnownFileType = text.plist.xml; path = Info.plist; sourceTree = "<group>"; };
		E0D4B2FB27E28EA10010DA09 /* OTPVerifificationVC.swift */ = {isa = PBXFileReference; lastKnownFileType = sourcecode.swift; path = OTPVerifificationVC.swift; sourceTree = "<group>"; };
		E0D4B2FC27E28EA10010DA09 /* OTPVerifificationVC.xib */ = {isa = PBXFileReference; lastKnownFileType = file.xib; path = OTPVerifificationVC.xib; sourceTree = "<group>"; };
		E0D4B30127E290180010DA09 /* ESPullToRefresh+Manager.swift */ = {isa = PBXFileReference; fileEncoding = 4; lastKnownFileType = sourcecode.swift; path = "ESPullToRefresh+Manager.swift"; sourceTree = "<group>"; };
		E0D4B30227E290180010DA09 /* ESRefreshAnimator.swift */ = {isa = PBXFileReference; fileEncoding = 4; lastKnownFileType = sourcecode.swift; path = ESRefreshAnimator.swift; sourceTree = "<group>"; };
		E0D4B30327E290180010DA09 /* ESRefreshComponent.swift */ = {isa = PBXFileReference; fileEncoding = 4; lastKnownFileType = sourcecode.swift; path = ESRefreshComponent.swift; sourceTree = "<group>"; };
		E0D4B30527E290180010DA09 /* ESRefreshHeaderAnimator.swift */ = {isa = PBXFileReference; fileEncoding = 4; lastKnownFileType = sourcecode.swift; path = ESRefreshHeaderAnimator.swift; sourceTree = "<group>"; };
		E0D4B30627E290180010DA09 /* icon_pull_to_refresh_arrow@2x.png */ = {isa = PBXFileReference; lastKnownFileType = image.png; path = "icon_pull_to_refresh_arrow@2x.png"; sourceTree = "<group>"; };
		E0D4B30727E290180010DA09 /* ESRefreshFooterAnimator.swift */ = {isa = PBXFileReference; fileEncoding = 4; lastKnownFileType = sourcecode.swift; path = ESRefreshFooterAnimator.swift; sourceTree = "<group>"; };
		E0D4B30827E290180010DA09 /* ESRefreshProtocol.swift */ = {isa = PBXFileReference; fileEncoding = 4; lastKnownFileType = sourcecode.swift; path = ESRefreshProtocol.swift; sourceTree = "<group>"; };
		E0D4B30927E290180010DA09 /* ES.swift */ = {isa = PBXFileReference; fileEncoding = 4; lastKnownFileType = sourcecode.swift; path = ES.swift; sourceTree = "<group>"; };
		E0D4B30A27E290180010DA09 /* ESPullToRefresh.swift */ = {isa = PBXFileReference; fileEncoding = 4; lastKnownFileType = sourcecode.swift; path = ESPullToRefresh.swift; sourceTree = "<group>"; };
		E0D4B30C27E290180010DA09 /* VPMOTPView.swift */ = {isa = PBXFileReference; fileEncoding = 4; lastKnownFileType = sourcecode.swift; path = VPMOTPView.swift; sourceTree = "<group>"; };
		E0D4B30D27E290180010DA09 /* VPMOTPTextField.swift */ = {isa = PBXFileReference; fileEncoding = 4; lastKnownFileType = sourcecode.swift; path = VPMOTPTextField.swift; sourceTree = "<group>"; };
		E0D4B31A27E2974E0010DA09 /* SignUpVC.swift */ = {isa = PBXFileReference; lastKnownFileType = sourcecode.swift; path = SignUpVC.swift; sourceTree = "<group>"; };
		E0D4B31B27E2974E0010DA09 /* SignUpVC.xib */ = {isa = PBXFileReference; lastKnownFileType = file.xib; path = SignUpVC.xib; sourceTree = "<group>"; };
/* End PBXFileReference section */

/* Begin PBXFrameworksBuildPhase section */
		E038FD2527DC13E70062E31D /* Frameworks */ = {
			isa = PBXFrameworksBuildPhase;
			buildActionMask = 2147483647;
			files = (
			);
			runOnlyForDeploymentPostprocessing = 0;
		};
/* End PBXFrameworksBuildPhase section */

/* Begin PBXGroup section */
		E03750BF27DD1E5C00ACD55B /* Controller */ = {
			isa = PBXGroup;
			children = (
				E0D4B31927E2973A0010DA09 /* SignUpVC */,
				E0D4B2FA27E28E7E0010DA09 /* OTPVerifificationVC */,
				E03750D627DF7CFC00ACD55B /* LoginVC */,
				E03750C027DD1E6500ACD55B /* SplashVC */,
			);
			path = Controller;
			sourceTree = "<group>";
		};
		E03750C027DD1E6500ACD55B /* SplashVC */ = {
			isa = PBXGroup;
			children = (
				E03750C127DD1E9D00ACD55B /* SplashVC.swift */,
				E03750C227DD1E9D00ACD55B /* SplashVC.xib */,
			);
			path = SplashVC;
			sourceTree = "<group>";
		};
		E03750C527DD218B00ACD55B /* AppDelegate */ = {
			isa = PBXGroup;
			children = (
				E038FD2B27DC13E70062E31D /* AppDelegate.swift */,
			);
			path = AppDelegate;
			sourceTree = "<group>";
		};
		E03750C627DD219A00ACD55B /* SceneDelegate */ = {
			isa = PBXGroup;
			children = (
				E038FD2D27DC13E70062E31D /* SceneDelegate.swift */,
			);
			path = SceneDelegate;
			sourceTree = "<group>";
		};
		E03750C727DD57AF00ACD55B /* Common Files */ = {
			isa = PBXGroup;
			children = (
				E0D4B2FF27E28FC30010DA09 /* Extra Libraries */,
				E03750CC27DF14E900ACD55B /* CustomView.swift */,
				E03750D727DF7D9500ACD55B /* Extensions.swift */,
			);
			path = "Common Files";
			sourceTree = "<group>";
		};
		E03750C927DD57C400ACD55B /* Constants */ = {
			isa = PBXGroup;
			children = (
				E03750CE27DF15D800ACD55B /* StringConstants.swift */,
				E03750D027DF15EA00ACD55B /* ColorConstant.swift */,
			);
			path = Constants;
			sourceTree = "<group>";
		};
		E03750CA27DD57C900ACD55B /* NetworkClientClass */ = {
			isa = PBXGroup;
			children = (
				E03750D227DF15FA00ACD55B /* NetworkClient.swift */,
			);
			path = NetworkClientClass;
			sourceTree = "<group>";
		};
		E03750CB27DD584300ACD55B /* Model */ = {
			isa = PBXGroup;
			children = (
				E03750D427DF161200ACD55B /* CellModel.swift */,
			);
			path = Model;
			sourceTree = "<group>";
		};
		E03750D627DF7CFC00ACD55B /* LoginVC */ = {
			isa = PBXGroup;
			children = (
				E03750D927DF7F0300ACD55B /* LoginVC.swift */,
				E03750DA27DF7F0300ACD55B /* LoginVC.xib */,
			);
			path = LoginVC;
			sourceTree = "<group>";
		};
		E038FD1F27DC13E70062E31D = {
			isa = PBXGroup;
			children = (
				E038FD2A27DC13E70062E31D /* MVC_Templet */,
				E038FD2927DC13E70062E31D /* Products */,
			);
			sourceTree = "<group>";
		};
		E038FD2927DC13E70062E31D /* Products */ = {
			isa = PBXGroup;
			children = (
				E038FD2827DC13E70062E31D /* MVC_Templet.app */,
			);
			name = Products;
			sourceTree = "<group>";
		};
		E038FD2A27DC13E70062E31D /* MVC_Templet */ = {
			isa = PBXGroup;
			children = (
				E03750C527DD218B00ACD55B /* AppDelegate */,
				E03750C627DD219A00ACD55B /* SceneDelegate */,
				E03750CB27DD584300ACD55B /* Model */,
				E03750BF27DD1E5C00ACD55B /* Controller */,
				E03750C727DD57AF00ACD55B /* Common Files */,
				E03750CA27DD57C900ACD55B /* NetworkClientClass */,
				E03750C927DD57C400ACD55B /* Constants */,
				E038FD3427DC13E80062E31D /* Assets.xcassets */,
				E038FD3627DC13E80062E31D /* LaunchScreen.storyboard */,
				E038FD3927DC13E80062E31D /* Info.plist */,
			);
			path = MVC_Templet;
			sourceTree = "<group>";
		};
		E0D4B2FA27E28E7E0010DA09 /* OTPVerifificationVC */ = {
			isa = PBXGroup;
			children = (
				E0D4B2FB27E28EA10010DA09 /* OTPVerifificationVC.swift */,
				E0D4B2FC27E28EA10010DA09 /* OTPVerifificationVC.xib */,
			);
			path = OTPVerifificationVC;
			sourceTree = "<group>";
		};
		E0D4B2FF27E28FC30010DA09 /* Extra Libraries */ = {
			isa = PBXGroup;
			children = (
				E0D4B30027E290180010DA09 /* ESPullToRefresh */,
				E0D4B30B27E290180010DA09 /* VPMOTPView */,
			);
			path = "Extra Libraries";
			sourceTree = "<group>";
		};
		E0D4B30027E290180010DA09 /* ESPullToRefresh */ = {
			isa = PBXGroup;
			children = (
				E0D4B30127E290180010DA09 /* ESPullToRefresh+Manager.swift */,
				E0D4B30227E290180010DA09 /* ESRefreshAnimator.swift */,
				E0D4B30327E290180010DA09 /* ESRefreshComponent.swift */,
				E0D4B30427E290180010DA09 /* Animator */,
				E0D4B30827E290180010DA09 /* ESRefreshProtocol.swift */,
				E0D4B30927E290180010DA09 /* ES.swift */,
				E0D4B30A27E290180010DA09 /* ESPullToRefresh.swift */,
			);
			path = ESPullToRefresh;
			sourceTree = "<group>";
		};
		E0D4B30427E290180010DA09 /* Animator */ = {
			isa = PBXGroup;
			children = (
				E0D4B30527E290180010DA09 /* ESRefreshHeaderAnimator.swift */,
				E0D4B30627E290180010DA09 /* icon_pull_to_refresh_arrow@2x.png */,
				E0D4B30727E290180010DA09 /* ESRefreshFooterAnimator.swift */,
			);
			path = Animator;
			sourceTree = "<group>";
		};
		E0D4B30B27E290180010DA09 /* VPMOTPView */ = {
			isa = PBXGroup;
			children = (
				E0D4B30C27E290180010DA09 /* VPMOTPView.swift */,
				E0D4B30D27E290180010DA09 /* VPMOTPTextField.swift */,
			);
			path = VPMOTPView;
			sourceTree = "<group>";
		};
		E0D4B31927E2973A0010DA09 /* SignUpVC */ = {
			isa = PBXGroup;
			children = (
				E0D4B31A27E2974E0010DA09 /* SignUpVC.swift */,
				E0D4B31B27E2974E0010DA09 /* SignUpVC.xib */,
			);
			path = SignUpVC;
			sourceTree = "<group>";
		};
/* End PBXGroup section */

/* Begin PBXNativeTarget section */
		E038FD2727DC13E70062E31D /* MVC_Templet */ = {
			isa = PBXNativeTarget;
			buildConfigurationList = E038FD3C27DC13E80062E31D /* Build configuration list for PBXNativeTarget "MVC_Templet" */;
			buildPhases = (
				E038FD2427DC13E70062E31D /* Sources */,
				E038FD2527DC13E70062E31D /* Frameworks */,
				E038FD2627DC13E70062E31D /* Resources */,
			);
			buildRules = (
			);
			dependencies = (
			);
			name = MVC_Templet;
			productName = MVC_Templet;
			productReference = E038FD2827DC13E70062E31D /* MVC_Templet.app */;
			productType = "com.apple.product-type.application";
		};
/* End PBXNativeTarget section */

/* Begin PBXProject section */
		E038FD2027DC13E70062E31D /* Project object */ = {
			isa = PBXProject;
			attributes = {
				BuildIndependentTargetsInParallel = 1;
				LastSwiftUpdateCheck = 1320;
				LastUpgradeCheck = 1320;
				TargetAttributes = {
					E038FD2727DC13E70062E31D = {
						CreatedOnToolsVersion = 13.2.1;
					};
				};
			};
			buildConfigurationList = E038FD2327DC13E70062E31D /* Build configuration list for PBXProject "MVC_Templet" */;
			compatibilityVersion = "Xcode 13.0";
			developmentRegion = en;
			hasScannedForEncodings = 0;
			knownRegions = (
				en,
				Base,
			);
			mainGroup = E038FD1F27DC13E70062E31D;
			productRefGroup = E038FD2927DC13E70062E31D /* Products */;
			projectDirPath = "";
			projectRoot = "";
			targets = (
				E038FD2727DC13E70062E31D /* MVC_Templet */,
			);
		};
/* End PBXProject section */

/* Begin PBXResourcesBuildPhase section */
		E038FD2627DC13E70062E31D /* Resources */ = {
			isa = PBXResourcesBuildPhase;
			buildActionMask = 2147483647;
			files = (
				E038FD3827DC13E80062E31D /* LaunchScreen.storyboard in Resources */,
				E0D4B2FE27E28EA10010DA09 /* OTPVerifificationVC.xib in Resources */,
				E0D4B31D27E2974E0010DA09 /* SignUpVC.xib in Resources */,
				E03750C427DD1E9D00ACD55B /* SplashVC.xib in Resources */,
				E0D4B31227E290180010DA09 /* icon_pull_to_refresh_arrow@2x.png in Resources */,
				E03750DC27DF7F0300ACD55B /* LoginVC.xib in Resources */,
				E038FD3527DC13E80062E31D /* Assets.xcassets in Resources */,
			);
			runOnlyForDeploymentPostprocessing = 0;
		};
/* End PBXResourcesBuildPhase section */

/* Begin PBXSourcesBuildPhase section */
		E038FD2427DC13E70062E31D /* Sources */ = {
			isa = PBXSourcesBuildPhase;
			buildActionMask = 2147483647;
			files = (
				E03750C327DD1E9D00ACD55B /* SplashVC.swift in Sources */,
				E0D4B30F27E290180010DA09 /* ESRefreshAnimator.swift in Sources */,
				E03750D827DF7D9500ACD55B /* Extensions.swift in Sources */,
				E038FD2C27DC13E70062E31D /* AppDelegate.swift in Sources */,
				E03750D327DF15FA00ACD55B /* NetworkClient.swift in Sources */,
				E0D4B31127E290180010DA09 /* ESRefreshHeaderAnimator.swift in Sources */,
				E03750DB27DF7F0300ACD55B /* LoginVC.swift in Sources */,
				E0D4B30E27E290180010DA09 /* ESPullToRefresh+Manager.swift in Sources */,
				E0D4B31827E290180010DA09 /* VPMOTPTextField.swift in Sources */,
				E0D4B31027E290180010DA09 /* ESRefreshComponent.swift in Sources */,
				E0D4B31327E290180010DA09 /* ESRefreshFooterAnimator.swift in Sources */,
				E03750D527DF161200ACD55B /* CellModel.swift in Sources */,
				E0D4B31527E290180010DA09 /* ES.swift in Sources */,
				E0D4B31727E290180010DA09 /* VPMOTPView.swift in Sources */,
				E0D4B31C27E2974E0010DA09 /* SignUpVC.swift in Sources */,
				E038FD2E27DC13E70062E31D /* SceneDelegate.swift in Sources */,
				E0D4B31627E290180010DA09 /* ESPullToRefresh.swift in Sources */,
				E03750CF27DF15D800ACD55B /* StringConstants.swift in Sources */,
				E03750CD27DF14E900ACD55B /* CustomView.swift in Sources */,
				E03750D127DF15EA00ACD55B /* ColorConstant.swift in Sources */,
				E0D4B2FD27E28EA10010DA09 /* OTPVerifificationVC.swift in Sources */,
				E0D4B31427E290180010DA09 /* ESRefreshProtocol.swift in Sources */,
			);
			runOnlyForDeploymentPostprocessing = 0;
		};
/* End PBXSourcesBuildPhase section */

/* Begin PBXVariantGroup section */
		E038FD3627DC13E80062E31D /* LaunchScreen.storyboard */ = {
			isa = PBXVariantGroup;
			children = (
				E038FD3727DC13E80062E31D /* Base */,
			);
			name = LaunchScreen.storyboard;
			sourceTree = "<group>";
		};
/* End PBXVariantGroup section */

/* Begin XCBuildConfiguration section */
		E038FD3A27DC13E80062E31D /* Debug */ = {
			isa = XCBuildConfiguration;
			buildSettings = {
				ALWAYS_SEARCH_USER_PATHS = NO;
				CLANG_ANALYZER_NONNULL = YES;
				CLANG_ANALYZER_NUMBER_OBJECT_CONVERSION = YES_AGGRESSIVE;
				CLANG_CXX_LANGUAGE_STANDARD = "gnu++17";
				CLANG_CXX_LIBRARY = "libc++";
				CLANG_ENABLE_MODULES = YES;
				CLANG_ENABLE_OBJC_ARC = YES;
				CLANG_ENABLE_OBJC_WEAK = YES;
				CLANG_WARN_BLOCK_CAPTURE_AUTORELEASING = YES;
				CLANG_WARN_BOOL_CONVERSION = YES;
				CLANG_WARN_COMMA = YES;
				CLANG_WARN_CONSTANT_CONVERSION = YES;
				CLANG_WARN_DEPRECATED_OBJC_IMPLEMENTATIONS = YES;
				CLANG_WARN_DIRECT_OBJC_ISA_USAGE = YES_ERROR;
				CLANG_WARN_DOCUMENTATION_COMMENTS = YES;
				CLANG_WARN_EMPTY_BODY = YES;
				CLANG_WARN_ENUM_CONVERSION = YES;
				CLANG_WARN_INFINITE_RECURSION = YES;
				CLANG_WARN_INT_CONVERSION = YES;
				CLANG_WARN_NON_LITERAL_NULL_CONVERSION = YES;
				CLANG_WARN_OBJC_IMPLICIT_RETAIN_SELF = YES;
				CLANG_WARN_OBJC_LITERAL_CONVERSION = YES;
				CLANG_WARN_OBJC_ROOT_CLASS = YES_ERROR;
				CLANG_WARN_QUOTED_INCLUDE_IN_FRAMEWORK_HEADER = YES;
				CLANG_WARN_RANGE_LOOP_ANALYSIS = YES;
				CLANG_WARN_STRICT_PROTOTYPES = YES;
				CLANG_WARN_SUSPICIOUS_MOVE = YES;
				CLANG_WARN_UNGUARDED_AVAILABILITY = YES_AGGRESSIVE;
				CLANG_WARN_UNREACHABLE_CODE = YES;
				CLANG_WARN__DUPLICATE_METHOD_MATCH = YES;
				COPY_PHASE_STRIP = NO;
				DEBUG_INFORMATION_FORMAT = dwarf;
				ENABLE_STRICT_OBJC_MSGSEND = YES;
				ENABLE_TESTABILITY = YES;
				GCC_C_LANGUAGE_STANDARD = gnu11;
				GCC_DYNAMIC_NO_PIC = NO;
				GCC_NO_COMMON_BLOCKS = YES;
				GCC_OPTIMIZATION_LEVEL = 0;
				GCC_PREPROCESSOR_DEFINITIONS = (
					"DEBUG=1",
					"$(inherited)",
				);
				GCC_WARN_64_TO_32_BIT_CONVERSION = YES;
				GCC_WARN_ABOUT_RETURN_TYPE = YES_ERROR;
				GCC_WARN_UNDECLARED_SELECTOR = YES;
				GCC_WARN_UNINITIALIZED_AUTOS = YES_AGGRESSIVE;
				GCC_WARN_UNUSED_FUNCTION = YES;
				GCC_WARN_UNUSED_VARIABLE = YES;
				IPHONEOS_DEPLOYMENT_TARGET = 15.2;
				MTL_ENABLE_DEBUG_INFO = INCLUDE_SOURCE;
				MTL_FAST_MATH = YES;
				ONLY_ACTIVE_ARCH = YES;
				SDKROOT = iphoneos;
				SWIFT_ACTIVE_COMPILATION_CONDITIONS = DEBUG;
				SWIFT_OPTIMIZATION_LEVEL = "-Onone";
			};
			name = Debug;
		};
		E038FD3B27DC13E80062E31D /* Release */ = {
			isa = XCBuildConfiguration;
			buildSettings = {
				ALWAYS_SEARCH_USER_PATHS = NO;
				CLANG_ANALYZER_NONNULL = YES;
				CLANG_ANALYZER_NUMBER_OBJECT_CONVERSION = YES_AGGRESSIVE;
				CLANG_CXX_LANGUAGE_STANDARD = "gnu++17";
				CLANG_CXX_LIBRARY = "libc++";
				CLANG_ENABLE_MODULES = YES;
				CLANG_ENABLE_OBJC_ARC = YES;
				CLANG_ENABLE_OBJC_WEAK = YES;
				CLANG_WARN_BLOCK_CAPTURE_AUTORELEASING = YES;
				CLANG_WARN_BOOL_CONVERSION = YES;
				CLANG_WARN_COMMA = YES;
				CLANG_WARN_CONSTANT_CONVERSION = YES;
				CLANG_WARN_DEPRECATED_OBJC_IMPLEMENTATIONS = YES;
				CLANG_WARN_DIRECT_OBJC_ISA_USAGE = YES_ERROR;
				CLANG_WARN_DOCUMENTATION_COMMENTS = YES;
				CLANG_WARN_EMPTY_BODY = YES;
				CLANG_WARN_ENUM_CONVERSION = YES;
				CLANG_WARN_INFINITE_RECURSION = YES;
				CLANG_WARN_INT_CONVERSION = YES;
				CLANG_WARN_NON_LITERAL_NULL_CONVERSION = YES;
				CLANG_WARN_OBJC_IMPLICIT_RETAIN_SELF = YES;
				CLANG_WARN_OBJC_LITERAL_CONVERSION = YES;
				CLANG_WARN_OBJC_ROOT_CLASS = YES_ERROR;
				CLANG_WARN_QUOTED_INCLUDE_IN_FRAMEWORK_HEADER = YES;
				CLANG_WARN_RANGE_LOOP_ANALYSIS = YES;
				CLANG_WARN_STRICT_PROTOTYPES = YES;
				CLANG_WARN_SUSPICIOUS_MOVE = YES;
				CLANG_WARN_UNGUARDED_AVAILABILITY = YES_AGGRESSIVE;
				CLANG_WARN_UNREACHABLE_CODE = YES;
				CLANG_WARN__DUPLICATE_METHOD_MATCH = YES;
				COPY_PHASE_STRIP = NO;
				DEBUG_INFORMATION_FORMAT = "dwarf-with-dsym";
				ENABLE_NS_ASSERTIONS = NO;
				ENABLE_STRICT_OBJC_MSGSEND = YES;
				GCC_C_LANGUAGE_STANDARD = gnu11;
				GCC_NO_COMMON_BLOCKS = YES;
				GCC_WARN_64_TO_32_BIT_CONVERSION = YES;
				GCC_WARN_ABOUT_RETURN_TYPE = YES_ERROR;
				GCC_WARN_UNDECLARED_SELECTOR = YES;
				GCC_WARN_UNINITIALIZED_AUTOS = YES_AGGRESSIVE;
				GCC_WARN_UNUSED_FUNCTION = YES;
				GCC_WARN_UNUSED_VARIABLE = YES;
				IPHONEOS_DEPLOYMENT_TARGET = 15.2;
				MTL_ENABLE_DEBUG_INFO = NO;
				MTL_FAST_MATH = YES;
				SDKROOT = iphoneos;
				SWIFT_COMPILATION_MODE = wholemodule;
				SWIFT_OPTIMIZATION_LEVEL = "-O";
				VALIDATE_PRODUCT = YES;
			};
			name = Release;
		};
		E038FD3D27DC13E80062E31D /* Debug */ = {
			isa = XCBuildConfiguration;
			buildSettings = {
				ASSETCATALOG_COMPILER_APPICON_NAME = AppIcon;
				ASSETCATALOG_COMPILER_GLOBAL_ACCENT_COLOR_NAME = AccentColor;
				CODE_SIGN_STYLE = Automatic;
				CURRENT_PROJECT_VERSION = 1;
				DEVELOPMENT_TEAM = W8GUQJV2LM;
				GENERATE_INFOPLIST_FILE = YES;
				INFOPLIST_FILE = MVC_Templet/Info.plist;
				INFOPLIST_KEY_UIApplicationSupportsIndirectInputEvents = YES;
				INFOPLIST_KEY_UILaunchStoryboardName = LaunchScreen;
				INFOPLIST_KEY_UISupportedInterfaceOrientations_iPad = "UIInterfaceOrientationPortrait UIInterfaceOrientationPortraitUpsideDown UIInterfaceOrientationLandscapeLeft UIInterfaceOrientationLandscapeRight";
				INFOPLIST_KEY_UISupportedInterfaceOrientations_iPhone = "UIInterfaceOrientationPortrait UIInterfaceOrientationLandscapeLeft UIInterfaceOrientationLandscapeRight";
				LD_RUNPATH_SEARCH_PATHS = (
					"$(inherited)",
					"@executable_path/Frameworks",
				);
				MARKETING_VERSION = 1.0;
				PRODUCT_BUNDLE_IDENTIFIER = "com.admin.MVC-Templet";
				PRODUCT_NAME = "$(TARGET_NAME)";
				SWIFT_EMIT_LOC_STRINGS = YES;
				SWIFT_VERSION = 5.0;
				TARGETED_DEVICE_FAMILY = "1,2";
			};
			name = Debug;
		};
		E038FD3E27DC13E80062E31D /* Release */ = {
			isa = XCBuildConfiguration;
			buildSettings = {
				ASSETCATALOG_COMPILER_APPICON_NAME = AppIcon;
				ASSETCATALOG_COMPILER_GLOBAL_ACCENT_COLOR_NAME = AccentColor;
				CODE_SIGN_STYLE = Automatic;
				CURRENT_PROJECT_VERSION = 1;
				DEVELOPMENT_TEAM = W8GUQJV2LM;
				GENERATE_INFOPLIST_FILE = YES;
				INFOPLIST_FILE = MVC_Templet/Info.plist;
				INFOPLIST_KEY_UIApplicationSupportsIndirectInputEvents = YES;
				INFOPLIST_KEY_UILaunchStoryboardName = LaunchScreen;
				INFOPLIST_KEY_UISupportedInterfaceOrientations_iPad = "UIInterfaceOrientationPortrait UIInterfaceOrientationPortraitUpsideDown UIInterfaceOrientationLandscapeLeft UIInterfaceOrientationLandscapeRight";
				INFOPLIST_KEY_UISupportedInterfaceOrientations_iPhone = "UIInterfaceOrientationPortrait UIInterfaceOrientationLandscapeLeft UIInterfaceOrientationLandscapeRight";
				LD_RUNPATH_SEARCH_PATHS = (
					"$(inherited)",
					"@executable_path/Frameworks",
				);
				MARKETING_VERSION = 1.0;
				PRODUCT_BUNDLE_IDENTIFIER = "com.admin.MVC-Templet";
				PRODUCT_NAME = "$(TARGET_NAME)";
				SWIFT_EMIT_LOC_STRINGS = YES;
				SWIFT_VERSION = 5.0;
				TARGETED_DEVICE_FAMILY = "1,2";
			};
			name = Release;
		};
/* End XCBuildConfiguration section */

/* Begin XCConfigurationList section */
		E038FD2327DC13E70062E31D /* Build configuration list for PBXProject "MVC_Templet" */ = {
			isa = XCConfigurationList;
			buildConfigurations = (
				E038FD3A27DC13E80062E31D /* Debug */,
				E038FD3B27DC13E80062E31D /* Release */,
			);
			defaultConfigurationIsVisible = 0;
			defaultConfigurationName = Release;
		};
		E038FD3C27DC13E80062E31D /* Build configuration list for PBXNativeTarget "MVC_Templet" */ = {
			isa = XCConfigurationList;
			buildConfigurations = (
				E038FD3D27DC13E80062E31D /* Debug */,
				E038FD3E27DC13E80062E31D /* Release */,
			);
			defaultConfigurationIsVisible = 0;
			defaultConfigurationName = Release;
		};
/* End XCConfigurationList section */
	};
	rootObject = E038FD2027DC13E70062E31D /* Project object */;
}
